// !$*UTF8*$!
{
	archiveVersion = 1;
	classes = {
	};
	objectVersion = 55;
	objects = {

/* Begin PBXBuildFile section */
		78499C0627FA83130033707F /* Launch Screen.storyboard in Resources */ = {isa = PBXBuildFile; fileRef = 78499C0527FA83130033707F /* Launch Screen.storyboard */; };
		78C58D1D27F10087009AEF29 /* Tabibi1App.swift in Sources */ = {isa = PBXBuildFile; fileRef = 78C58D1C27F10087009AEF29 /* Tabibi1App.swift */; };
		78C58D1F27F10087009AEF29 /* ContentView.swift in Sources */ = {isa = PBXBuildFile; fileRef = 78C58D1E27F10087009AEF29 /* ContentView.swift */; };
		78C58D2427F10089009AEF29 /* Preview Assets.xcassets in Resources */ = {isa = PBXBuildFile; fileRef = 78C58D2327F10089009AEF29 /* Preview Assets.xcassets */; };
		78C58D2B27F100E4009AEF29 /* hospitalist.swift in Sources */ = {isa = PBXBuildFile; fileRef = 78C58D2A27F100E4009AEF29 /* hospitalist.swift */; };
		78C58D2D27F10148009AEF29 /* SALAM DOC.swift in Sources */ = {isa = PBXBuildFile; fileRef = 78C58D2C27F10148009AEF29 /* SALAM DOC.swift */; };
		78C58D2F27F101CB009AEF29 /* salam doctors.swift in Sources */ = {isa = PBXBuildFile; fileRef = 78C58D2E27F101CB009AEF29 /* salam doctors.swift */; };
		78C58D3327F1029B009AEF29 /* home screen.swift in Sources */ = {isa = PBXBuildFile; fileRef = 78C58D3227F1029B009AEF29 /* home screen.swift */; };
		78C58D3527F102C2009AEF29 /* barview1.swift in Sources */ = {isa = PBXBuildFile; fileRef = 78C58D3427F102C2009AEF29 /* barview1.swift */; };
		78C58D3727F10A04009AEF29 /* symptomps1.swift in Sources */ = {isa = PBXBuildFile; fileRef = 78C58D3627F10A04009AEF29 /* symptomps1.swift */; };
		78C58D4327F1232E009AEF29 /* logInView.swift in Sources */ = {isa = PBXBuildFile; fileRef = 78C58D4227F1232E009AEF29 /* logInView.swift */; };
		78C58D4527F128AB009AEF29 /* MainPage.swift in Sources */ = {isa = PBXBuildFile; fileRef = 78C58D4427F128AB009AEF29 /* MainPage.swift */; };
		78C58D4927F2345E009AEF29 /* SideMenuView.swift in Sources */ = {isa = PBXBuildFile; fileRef = 78C58D4827F2345E009AEF29 /* SideMenuView.swift */; };
		78C58D4B27F23497009AEF29 /* SideMenuHeaderView.swift in Sources */ = {isa = PBXBuildFile; fileRef = 78C58D4A27F23497009AEF29 /* SideMenuHeaderView.swift */; };
		78C58D4D27F234B0009AEF29 /* SideMenuOptionView.swift in Sources */ = {isa = PBXBuildFile; fileRef = 78C58D4C27F234B0009AEF29 /* SideMenuOptionView.swift */; };
		78C58D5827F25442009AEF29 /* UserView.swift in Sources */ = {isa = PBXBuildFile; fileRef = 78C58D5727F25442009AEF29 /* UserView.swift */; };
		78C58E2F27F36BA3009AEF29 /* LIst.swift in Sources */ = {isa = PBXBuildFile; fileRef = 78C58E2E27F36BA3009AEF29 /* LIst.swift */; };
		78C58E3127F36CB7009AEF29 /* contact file.swift in Sources */ = {isa = PBXBuildFile; fileRef = 78C58E3027F36CB7009AEF29 /* contact file.swift */; };
		78C58E3327F3CC41009AEF29 /* ContactPage.swift in Sources */ = {isa = PBXBuildFile; fileRef = 78C58E3227F3CC41009AEF29 /* ContactPage.swift */; };
		78C58E3527F67D91009AEF29 /* SOSView.swift in Sources */ = {isa = PBXBuildFile; fileRef = 78C58E3427F67D91009AEF29 /* SOSView.swift */; };
		78C58E3C27F7D2A1009AEF29 /* HospitalView.swift in Sources */ = {isa = PBXBuildFile; fileRef = 78C58E3B27F7D2A1009AEF29 /* HospitalView.swift */; };
/* End PBXBuildFile section */

/* Begin PBXFileReference section */
		78499C0527FA83130033707F /* Launch Screen.storyboard */ = {isa = PBXFileReference; lastKnownFileType = file.storyboard; path = "Launch Screen.storyboard"; sourceTree = "<group>"; };
		78C58D1927F10087009AEF29 /* Tabibi1.app */ = {isa = PBXFileReference; explicitFileType = wrapper.application; includeInIndex = 0; path = Tabibi1.app; sourceTree = BUILT_PRODUCTS_DIR; };
		78C58D1C27F10087009AEF29 /* Tabibi1App.swift */ = {isa = PBXFileReference; lastKnownFileType = sourcecode.swift; path = Tabibi1App.swift; sourceTree = "<group>"; };
		78C58D1E27F10087009AEF29 /* ContentView.swift */ = {isa = PBXFileReference; lastKnownFileType = sourcecode.swift; path = ContentView.swift; sourceTree = "<group>"; };
		78C58D2327F10089009AEF29 /* Preview Assets.xcassets */ = {isa = PBXFileReference; lastKnownFileType = folder.assetcatalog; path = "Preview Assets.xcassets"; sourceTree = "<group>"; };
		78C58D2A27F100E4009AEF29 /* hospitalist.swift */ = {isa = PBXFileReference; lastKnownFileType = sourcecode.swift; path = hospitalist.swift; sourceTree = "<group>"; };
		78C58D2C27F10148009AEF29 /* SALAM DOC.swift */ = {isa = PBXFileReference; lastKnownFileType = sourcecode.swift; path = "SALAM DOC.swift"; sourceTree = "<group>"; };
		78C58D2E27F101CB009AEF29 /* salam doctors.swift */ = {isa = PBXFileReference; lastKnownFileType = sourcecode.swift; path = "salam doctors.swift"; sourceTree = "<group>"; };
		78C58D3227F1029B009AEF29 /* home screen.swift */ = {isa = PBXFileReference; lastKnownFileType = sourcecode.swift; path = "home screen.swift"; sourceTree = "<group>"; };
		78C58D3427F102C2009AEF29 /* barview1.swift */ = {isa = PBXFileReference; lastKnownFileType = sourcecode.swift; path = barview1.swift; sourceTree = "<group>"; };
		78C58D3627F10A04009AEF29 /* symptomps1.swift */ = {isa = PBXFileReference; lastKnownFileType = sourcecode.swift; path = symptomps1.swift; sourceTree = "<group>"; };
		78C58D3B27F10E1F009AEF29 /* Info.plist */ = {isa = PBXFileReference; lastKnownFileType = text.plist; path = Info.plist; sourceTree = "<group>"; };
		78C58D4227F1232E009AEF29 /* logInView.swift */ = {isa = PBXFileReference; lastKnownFileType = sourcecode.swift; path = logInView.swift; sourceTree = "<group>"; };
		78C58D4427F128AB009AEF29 /* MainPage.swift */ = {isa = PBXFileReference; lastKnownFileType = sourcecode.swift; path = MainPage.swift; sourceTree = "<group>"; };
		78C58D4827F2345E009AEF29 /* SideMenuView.swift */ = {isa = PBXFileReference; lastKnownFileType = sourcecode.swift; path = SideMenuView.swift; sourceTree = "<group>"; };
		78C58D4A27F23497009AEF29 /* SideMenuHeaderView.swift */ = {isa = PBXFileReference; lastKnownFileType = sourcecode.swift; path = SideMenuHeaderView.swift; sourceTree = "<group>"; };
		78C58D4C27F234B0009AEF29 /* SideMenuOptionView.swift */ = {isa = PBXFileReference; lastKnownFileType = sourcecode.swift; path = SideMenuOptionView.swift; sourceTree = "<group>"; };
		78C58D5727F25442009AEF29 /* UserView.swift */ = {isa = PBXFileReference; lastKnownFileType = sourcecode.swift; path = UserView.swift; sourceTree = "<group>"; };
		78C58E2E27F36BA3009AEF29 /* LIst.swift */ = {isa = PBXFileReference; lastKnownFileType = sourcecode.swift; path = LIst.swift; sourceTree = "<group>"; };
		78C58E3027F36CB7009AEF29 /* contact file.swift */ = {isa = PBXFileReference; lastKnownFileType = sourcecode.swift; path = "contact file.swift"; sourceTree = "<group>"; };
		78C58E3227F3CC41009AEF29 /* ContactPage.swift */ = {isa = PBXFileReference; lastKnownFileType = sourcecode.swift; path = ContactPage.swift; sourceTree = "<group>"; };
		78C58E3427F67D91009AEF29 /* SOSView.swift */ = {isa = PBXFileReference; lastKnownFileType = sourcecode.swift; path = SOSView.swift; sourceTree = "<group>"; };
		78C58E3B27F7D2A1009AEF29 /* HospitalView.swift */ = {isa = PBXFileReference; lastKnownFileType = sourcecode.swift; path = HospitalView.swift; sourceTree = "<group>"; };
/* End PBXFileReference section */

/* Begin PBXFrameworksBuildPhase section */
		78C58D1627F10087009AEF29 /* Frameworks */ = {
			isa = PBXFrameworksBuildPhase;
			buildActionMask = 2147483647;
			files = (
			);
			runOnlyForDeploymentPostprocessing = 0;
		};
/* End PBXFrameworksBuildPhase section */

/* Begin PBXGroup section */
		78C58D1027F10087009AEF29 = {
			isa = PBXGroup;
			children = (
				78C58D1B27F10087009AEF29 /* Tabibi1 */,
				78C58D1A27F10087009AEF29 /* Products */,
			);
			sourceTree = "<group>";
		};
		78C58D1A27F10087009AEF29 /* Products */ = {
			isa = PBXGroup;
			children = (
				78C58D1927F10087009AEF29 /* Tabibi1.app */,
			);
			name = Products;
			sourceTree = "<group>";
		};
		78C58D1B27F10087009AEF29 /* Tabibi1 */ = {
			isa = PBXGroup;
			children = (
				78C58E3627F7CC77009AEF29 /* HospitalsView */,
				78C58E2D27F36B8B009AEF29 /* Contacts */,
				78C58D3B27F10E1F009AEF29 /* Info.plist */,
				78499C0527FA83130033707F /* Launch Screen.storyboard */,
				78C58D4227F1232E009AEF29 /* logInView.swift */,
				78C58E3427F67D91009AEF29 /* SOSView.swift */,
				78C58D2A27F100E4009AEF29 /* hospitalist.swift */,
				78C58D1C27F10087009AEF29 /* Tabibi1App.swift */,
				78C58D5727F25442009AEF29 /* UserView.swift */,
				78C58D1E27F10087009AEF29 /* ContentView.swift */,
				78C58D2C27F10148009AEF29 /* SALAM DOC.swift */,
				78C58D2E27F101CB009AEF29 /* salam doctors.swift */,
				78C58D3227F1029B009AEF29 /* home screen.swift */,
				78C58D3427F102C2009AEF29 /* barview1.swift */,
				78C58D4427F128AB009AEF29 /* MainPage.swift */,
				78C58D3627F10A04009AEF29 /* symptomps1.swift */,
				78C58D2327F10089009AEF29 /* Preview Assets.xcassets */,
				78C58D2227F10089009AEF29 /* Preview Content */,
				78C58D4827F2345E009AEF29 /* SideMenuView.swift */,
				78C58D4A27F23497009AEF29 /* SideMenuHeaderView.swift */,
				78C58D4C27F234B0009AEF29 /* SideMenuOptionView.swift */,
			);
			path = Tabibi1;
			sourceTree = "<group>";
		};
		78C58D2227F10089009AEF29 /* Preview Content */ = {
			isa = PBXGroup;
			children = (
			);
			path = "Preview Content";
			sourceTree = "<group>";
		};
		78C58E2D27F36B8B009AEF29 /* Contacts */ = {
			isa = PBXGroup;
			children = (
				78C58E2E27F36BA3009AEF29 /* LIst.swift */,
				78C58E3027F36CB7009AEF29 /* contact file.swift */,
				78C58E3227F3CC41009AEF29 /* ContactPage.swift */,
			);
			path = Contacts;
			sourceTree = "<group>";
		};
		78C58E3627F7CC77009AEF29 /* HospitalsView */ = {
			isa = PBXGroup;
			children = (
				78C58E3B27F7D2A1009AEF29 /* HospitalView.swift */,
			);
			path = HospitalsView;
			sourceTree = "<group>";
		};
/* End PBXGroup section */

/* Begin PBXNativeTarget section */
		78C58D1827F10087009AEF29 /* Tabibi1 */ = {
			isa = PBXNativeTarget;
			buildConfigurationList = 78C58D2727F10089009AEF29 /* Build configuration list for PBXNativeTarget "Tabibi1" */;
			buildPhases = (
				78C58D1527F10087009AEF29 /* Sources */,
				78C58D1627F10087009AEF29 /* Frameworks */,
				78C58D1727F10087009AEF29 /* Resources */,
			);
			buildRules = (
			);
			dependencies = (
			);
			name = Tabibi1;
			productName = Tabibi1;
			productReference = 78C58D1927F10087009AEF29 /* Tabibi1.app */;
			productType = "com.apple.product-type.application";
		};
/* End PBXNativeTarget section */

/* Begin PBXProject section */
		78C58D1127F10087009AEF29 /* Project object */ = {
			isa = PBXProject;
			attributes = {
				BuildIndependentTargetsInParallel = 1;
				LastSwiftUpdateCheck = 1320;
				LastUpgradeCheck = 1320;
				TargetAttributes = {
					78C58D1827F10087009AEF29 = {
						CreatedOnToolsVersion = 13.2.1;
					};
				};
			};
			buildConfigurationList = 78C58D1427F10087009AEF29 /* Build configuration list for PBXProject "Tabibi1" */;
			compatibilityVersion = "Xcode 13.0";
			developmentRegion = en;
			hasScannedForEncodings = 0;
			knownRegions = (
				en,
				Base,
			);
			mainGroup = 78C58D1027F10087009AEF29;
			productRefGroup = 78C58D1A27F10087009AEF29 /* Products */;
			projectDirPath = "";
			projectRoot = "";
			targets = (
				78C58D1827F10087009AEF29 /* Tabibi1 */,
			);
		};
/* End PBXProject section */

/* Begin PBXResourcesBuildPhase section */
		78C58D1727F10087009AEF29 /* Resources */ = {
			isa = PBXResourcesBuildPhase;
			buildActionMask = 2147483647;
			files = (
				78499C0627FA83130033707F /* Launch Screen.storyboard in Resources */,
				78C58D2427F10089009AEF29 /* Preview Assets.xcassets in Resources */,
			);
			runOnlyForDeploymentPostprocessing = 0;
		};
/* End PBXResourcesBuildPhase section */

/* Begin PBXSourcesBuildPhase section */
		78C58D1527F10087009AEF29 /* Sources */ = {
			isa = PBXSourcesBuildPhase;
			buildActionMask = 2147483647;
			files = (
				78C58E3527F67D91009AEF29 /* SOSView.swift in Sources */,
				78C58D4D27F234B0009AEF29 /* SideMenuOptionView.swift in Sources */,
				78C58D3727F10A04009AEF29 /* symptomps1.swift in Sources */,
				78C58D3527F102C2009AEF29 /* barview1.swift in Sources */,
				78C58D4327F1232E009AEF29 /* logInView.swift in Sources */,
				78C58D2F27F101CB009AEF29 /* salam doctors.swift in Sources */,
				78C58D4927F2345E009AEF29 /* SideMenuView.swift in Sources */,
				78C58D1F27F10087009AEF29 /* ContentView.swift in Sources */,
				78C58E2F27F36BA3009AEF29 /* LIst.swift in Sources */,
				78C58D4527F128AB009AEF29 /* MainPage.swift in Sources */,
				78C58E3127F36CB7009AEF29 /* contact file.swift in Sources */,
				78C58D5827F25442009AEF29 /* UserView.swift in Sources */,
				78C58E3327F3CC41009AEF29 /* ContactPage.swift in Sources */,
				78C58E3C27F7D2A1009AEF29 /* HospitalView.swift in Sources */,
				78C58D2B27F100E4009AEF29 /* hospitalist.swift in Sources */,
				78C58D3327F1029B009AEF29 /* home screen.swift in Sources */,
				78C58D4B27F23497009AEF29 /* SideMenuHeaderView.swift in Sources */,
				78C58D2D27F10148009AEF29 /* SALAM DOC.swift in Sources */,
				78C58D1D27F10087009AEF29 /* Tabibi1App.swift in Sources */,
			);
			runOnlyForDeploymentPostprocessing = 0;
		};
/* End PBXSourcesBuildPhase section */

/* Begin XCBuildConfiguration section */
		78C58D2527F10089009AEF29 /* Debug */ = {
			isa = XCBuildConfiguration;
			buildSettings = {
				ALWAYS_SEARCH_USER_PATHS = NO;
				CLANG_ANALYZER_NONNULL = YES;
				CLANG_ANALYZER_NUMBER_OBJECT_CONVERSION = YES_AGGRESSIVE;
				CLANG_CXX_LANGUAGE_STANDARD = "gnu++17";
				CLANG_CXX_LIBRARY = "libc++";
				CLANG_ENABLE_MODULES = YES;
				CLANG_ENABLE_OBJC_ARC = YES;
				CLANG_ENABLE_OBJC_WEAK = YES;
				CLANG_WARN_BLOCK_CAPTURE_AUTORELEASING = YES;
				CLANG_WARN_BOOL_CONVERSION = YES;
				CLANG_WARN_COMMA = YES;
				CLANG_WARN_CONSTANT_CONVERSION = YES;
				CLANG_WARN_DEPRECATED_OBJC_IMPLEMENTATIONS = YES;
				CLANG_WARN_DIRECT_OBJC_ISA_USAGE = YES_ERROR;
				CLANG_WARN_DOCUMENTATION_COMMENTS = YES;
				CLANG_WARN_EMPTY_BODY = YES;
				CLANG_WARN_ENUM_CONVERSION = YES;
				CLANG_WARN_INFINITE_RECURSION = YES;
				CLANG_WARN_INT_CONVERSION = YES;
				CLANG_WARN_NON_LITERAL_NULL_CONVERSION = YES;
				CLANG_WARN_OBJC_IMPLICIT_RETAIN_SELF = YES;
				CLANG_WARN_OBJC_LITERAL_CONVERSION = YES;
				CLANG_WARN_OBJC_ROOT_CLASS = YES_ERROR;
				CLANG_WARN_QUOTED_INCLUDE_IN_FRAMEWORK_HEADER = YES;
				CLANG_WARN_RANGE_LOOP_ANALYSIS = YES;
				CLANG_WARN_STRICT_PROTOTYPES = YES;
				CLANG_WARN_SUSPICIOUS_MOVE = YES;
				CLANG_WARN_UNGUARDED_AVAILABILITY = YES_AGGRESSIVE;
				CLANG_WARN_UNREACHABLE_CODE = YES;
				CLANG_WARN__DUPLICATE_METHOD_MATCH = YES;
				COPY_PHASE_STRIP = NO;
				DEBUG_INFORMATION_FORMAT = dwarf;
				ENABLE_STRICT_OBJC_MSGSEND = YES;
				ENABLE_TESTABILITY = YES;
				GCC_C_LANGUAGE_STANDARD = gnu11;
				GCC_DYNAMIC_NO_PIC = NO;
				GCC_NO_COMMON_BLOCKS = YES;
				GCC_OPTIMIZATION_LEVEL = 0;
				GCC_PREPROCESSOR_DEFINITIONS = (
					"DEBUG=1",
					"$(inherited)",
				);
				GCC_WARN_64_TO_32_BIT_CONVERSION = YES;
				GCC_WARN_ABOUT_RETURN_TYPE = YES_ERROR;
				GCC_WARN_UNDECLARED_SELECTOR = YES;
				GCC_WARN_UNINITIALIZED_AUTOS = YES_AGGRESSIVE;
				GCC_WARN_UNUSED_FUNCTION = YES;
				GCC_WARN_UNUSED_VARIABLE = YES;
				IPHONEOS_DEPLOYMENT_TARGET = 15.2;
				MTL_ENABLE_DEBUG_INFO = INCLUDE_SOURCE;
				MTL_FAST_MATH = YES;
				ONLY_ACTIVE_ARCH = YES;
				SDKROOT = iphoneos;
				SWIFT_ACTIVE_COMPILATION_CONDITIONS = DEBUG;
				SWIFT_OPTIMIZATION_LEVEL = "-Onone";
			};
			name = Debug;
		};
		78C58D2627F10089009AEF29 /* Release */ = {
			isa = XCBuildConfiguration;
			buildSettings = {
				ALWAYS_SEARCH_USER_PATHS = NO;
				CLANG_ANALYZER_NONNULL = YES;
				CLANG_ANALYZER_NUMBER_OBJECT_CONVERSION = YES_AGGRESSIVE;
				CLANG_CXX_LANGUAGE_STANDARD = "gnu++17";
				CLANG_CXX_LIBRARY = "libc++";
				CLANG_ENABLE_MODULES = YES;
				CLANG_ENABLE_OBJC_ARC = YES;
				CLANG_ENABLE_OBJC_WEAK = YES;
				CLANG_WARN_BLOCK_CAPTURE_AUTORELEASING = YES;
				CLANG_WARN_BOOL_CONVERSION = YES;
				CLANG_WARN_COMMA = YES;
				CLANG_WARN_CONSTANT_CONVERSION = YES;
				CLANG_WARN_DEPRECATED_OBJC_IMPLEMENTATIONS = YES;
				CLANG_WARN_DIRECT_OBJC_ISA_USAGE = YES_ERROR;
				CLANG_WARN_DOCUMENTATION_COMMENTS = YES;
				CLANG_WARN_EMPTY_BODY = YES;
				CLANG_WARN_ENUM_CONVERSION = YES;
				CLANG_WARN_INFINITE_RECURSION = YES;
				CLANG_WARN_INT_CONVERSION = YES;
				CLANG_WARN_NON_LITERAL_NULL_CONVERSION = YES;
				CLANG_WARN_OBJC_IMPLICIT_RETAIN_SELF = YES;
				CLANG_WARN_OBJC_LITERAL_CONVERSION = YES;
				CLANG_WARN_OBJC_ROOT_CLASS = YES_ERROR;
				CLANG_WARN_QUOTED_INCLUDE_IN_FRAMEWORK_HEADER = YES;
				CLANG_WARN_RANGE_LOOP_ANALYSIS = YES;
				CLANG_WARN_STRICT_PROTOTYPES = YES;
				CLANG_WARN_SUSPICIOUS_MOVE = YES;
				CLANG_WARN_UNGUARDED_AVAILABILITY = YES_AGGRESSIVE;
				CLANG_WARN_UNREACHABLE_CODE = YES;
				CLANG_WARN__DUPLICATE_METHOD_MATCH = YES;
				COPY_PHASE_STRIP = NO;
				DEBUG_INFORMATION_FORMAT = "dwarf-with-dsym";
				ENABLE_NS_ASSERTIONS = NO;
				ENABLE_STRICT_OBJC_MSGSEND = YES;
				GCC_C_LANGUAGE_STANDARD = gnu11;
				GCC_NO_COMMON_BLOCKS = YES;
				GCC_WARN_64_TO_32_BIT_CONVERSION = YES;
				GCC_WARN_ABOUT_RETURN_TYPE = YES_ERROR;
				GCC_WARN_UNDECLARED_SELECTOR = YES;
				GCC_WARN_UNINITIALIZED_AUTOS = YES_AGGRESSIVE;
				GCC_WARN_UNUSED_FUNCTION = YES;
				GCC_WARN_UNUSED_VARIABLE = YES;
				IPHONEOS_DEPLOYMENT_TARGET = 15.2;
				MTL_ENABLE_DEBUG_INFO = NO;
				MTL_FAST_MATH = YES;
				SDKROOT = iphoneos;
				SWIFT_COMPILATION_MODE = wholemodule;
				SWIFT_OPTIMIZATION_LEVEL = "-O";
				VALIDATE_PRODUCT = YES;
			};
			name = Release;
		};
		78C58D2827F10089009AEF29 /* Debug */ = {
			isa = XCBuildConfiguration;
			buildSettings = {
				ASSETCATALOG_COMPILER_APPICON_NAME = AppIcon;
				ASSETCATALOG_COMPILER_GLOBAL_ACCENT_COLOR_NAME = AccentColor;
				CODE_SIGN_STYLE = Automatic;
				CURRENT_PROJECT_VERSION = 1;
				DEVELOPMENT_ASSET_PATHS = "\"Tabibi1/Preview Content\"";
				DEVELOPMENT_TEAM = DSS643V3L4;
				ENABLE_PREVIEWS = YES;
				GENERATE_INFOPLIST_FILE = YES;
				INFOPLIST_FILE = Tabibi1/Info.plist;
				INFOPLIST_KEY_UIApplicationSceneManifest_Generation = YES;
				INFOPLIST_KEY_UIApplicationSupportsIndirectInputEvents = YES;
				INFOPLIST_KEY_UILaunchScreen_Generation = YES;
				INFOPLIST_KEY_UILaunchStoryboardName = "Launch Screen";
				INFOPLIST_KEY_UISupportedInterfaceOrientations_iPad = "UIInterfaceOrientationPortrait UIInterfaceOrientationPortraitUpsideDown UIInterfaceOrientationLandscapeLeft UIInterfaceOrientationLandscapeRight";
				INFOPLIST_KEY_UISupportedInterfaceOrientations_iPhone = "UIInterfaceOrientationPortrait UIInterfaceOrientationLandscapeLeft UIInterfaceOrientationLandscapeRight";
				LD_RUNPATH_SEARCH_PATHS = (
					"$(inherited)",
					"@executable_path/Frameworks",
				);
				MARKETING_VERSION = 1.0;
				PRODUCT_BUNDLE_IDENTIFIER = "com.Ziad-Azab..Tabibi1";
				PRODUCT_NAME = "$(TARGET_NAME)";
				SWIFT_EMIT_LOC_STRINGS = YES;
				SWIFT_VERSION = 5.0;
				TARGETED_DEVICE_FAMILY = "1,2";
			};
			name = Debug;
		};
		78C58D2927F10089009AEF29 /* Release */ = {
			isa = XCBuildConfiguration;
			buildSettings = {
				ASSETCATALOG_COMPILER_APPICON_NAME = AppIcon;
				ASSETCATALOG_COMPILER_GLOBAL_ACCENT_COLOR_NAME = AccentColor;
				CODE_SIGN_STYLE = Automatic;
				CURRENT_PROJECT_VERSION = 1;
				DEVELOPMENT_ASSET_PATHS = "\"Tabibi1/Preview Content\"";
				DEVELOPMENT_TEAM = DSS643V3L4;
				ENABLE_PREVIEWS = YES;
				GENERATE_INFOPLIST_FILE = YES;
				INFOPLIST_FILE = Tabibi1/Info.plist;
				INFOPLIST_KEY_UIApplicationSceneManifest_Generation = YES;
				INFOPLIST_KEY_UIApplicationSupportsIndirectInputEvents = YES;
				INFOPLIST_KEY_UILaunchScreen_Generation = YES;
				INFOPLIST_KEY_UILaunchStoryboardName = "Launch Screen";
				INFOPLIST_KEY_UISupportedInterfaceOrientations_iPad = "UIInterfaceOrientationPortrait UIInterfaceOrientationPortraitUpsideDown UIInterfaceOrientationLandscapeLeft UIInterfaceOrientationLandscapeRight";
				INFOPLIST_KEY_UISupportedInterfaceOrientations_iPhone = "UIInterfaceOrientationPortrait UIInterfaceOrientationLandscapeLeft UIInterfaceOrientationLandscapeRight";
				LD_RUNPATH_SEARCH_PATHS = (
					"$(inherited)",
					"@executable_path/Frameworks",
				);
				MARKETING_VERSION = 1.0;
				PRODUCT_BUNDLE_IDENTIFIER = "com.Ziad-Azab..Tabibi1";
				PRODUCT_NAME = "$(TARGET_NAME)";
				SWIFT_EMIT_LOC_STRINGS = YES;
				SWIFT_VERSION = 5.0;
				TARGETED_DEVICE_FAMILY = "1,2";
			};
			name = Release;
		};
/* End XCBuildConfiguration section */

/* Begin XCConfigurationList section */
		78C58D1427F10087009AEF29 /* Build configuration list for PBXProject "Tabibi1" */ = {
			isa = XCConfigurationList;
			buildConfigurations = (
				78C58D2527F10089009AEF29 /* Debug */,
				78C58D2627F10089009AEF29 /* Release */,
			);
			defaultConfigurationIsVisible = 0;
			defaultConfigurationName = Release;
		};
		78C58D2727F10089009AEF29 /* Build configuration list for PBXNativeTarget "Tabibi1" */ = {
			isa = XCConfigurationList;
			buildConfigurations = (
				78C58D2827F10089009AEF29 /* Debug */,
				78C58D2927F10089009AEF29 /* Release */,
			);
			defaultConfigurationIsVisible = 0;
			defaultConfigurationName = Release;
		};
/* End XCConfigurationList section */
	};
	rootObject = 78C58D1127F10087009AEF29 /* Project object */;
}
